
Microsoft Visual Studio Solution File, Format Version 12.00
# Visual Studio Version 17
VisualStudioVersion = 17.11.35327.3
MinimumVisualStudioVersion = 10.0.40219.1
Project("{FAE04EC0-301F-11D3-BF4B-00C04F79EFBC}") = "StickyNoteApp", "StickyNoteApp.csproj", "{5E509833-21DD-4C40-89FF-59D8952C411B}"
EndProject
Global
	GlobalSection(SolutionConfigurationPlatforms) = preSolution
		Debug|Any CPU = Debug|Any CPU
		Release|Any CPU = Release|Any CPU
	EndGlobalSection
	GlobalSection(ProjectConfigurationPlatforms) = postSolution
		{5E509833-21DD-4C40-89FF-59D8952C411B}.Debug|Any CPU.ActiveCfg = Debug|Any CPU
		{5E509833-21DD-4C40-89FF-59D8952C411B}.Debug|Any CPU.Build.0 = Debug|Any CPU
		{5E509833-21DD-4C40-89FF-59D8952C411B}.Release|Any CPU.ActiveCfg = Release|Any CPU
		{5E509833-21DD-4C40-89FF-59D8952C411B}.Release|Any CPU.Build.0 = Release|Any CPU
	EndGlobalSection
	GlobalSection(SolutionProperties) = preSolution
		HideSolutionNode = FALSE
	EndGlobalSection
	GlobalSection(ExtensibilityGlobals) = postSolution
		SolutionGuid = {27EF3589-78E6-4A81-AE55-9B695751F58B}
	EndGlobalSection
EndGlobal
